// !$*UTF8*$!
{
	archiveVersion = 1;
	classes = {
	};
	objectVersion = 46;
	objects = {

/* Begin PBXBuildFile section */
		570388E11B31E67300BB9D40 /* main.m in Sources */ = {isa = PBXBuildFile; fileRef = 570388E01B31E67300BB9D40 /* main.m */; };
		570388E41B31E67300BB9D40 /* AppDelegate.m in Sources */ = {isa = PBXBuildFile; fileRef = 570388E31B31E67300BB9D40 /* AppDelegate.m */; };
		570388EF1B31E67300BB9D40 /* Images.xcassets in Resources */ = {isa = PBXBuildFile; fileRef = 570388EE1B31E67300BB9D40 /* Images.xcassets */; };
		570388FE1B31E67300BB9D40 /* IncubeeTests.m in Sources */ = {isa = PBXBuildFile; fileRef = 570388FD1B31E67300BB9D40 /* IncubeeTests.m */; };
		571F79421B3D222D008F727E /* CoreData.framework in Frameworks */ = {isa = PBXBuildFile; fileRef = 571F79411B3D222D008F727E /* CoreData.framework */; };
		571F79541B3D2407008F727E /* UIKit.framework in Frameworks */ = {isa = PBXBuildFile; fileRef = 571F79531B3D2407008F727E /* UIKit.framework */; };
		571F79561B3D2417008F727E /* Foundation.framework in Frameworks */ = {isa = PBXBuildFile; fileRef = 571F79551B3D2417008F727E /* Foundation.framework */; };
		576C4DC11B3F1402008AA2EB /* ICIncubeeLoginViewController.m in Sources */ = {isa = PBXBuildFile; fileRef = 576C4DC01B3F1402008AA2EB /* ICIncubeeLoginViewController.m */; };
		5780CAF91B3E831D0090ADCE /* CardViewStoryboard.storyboard in Resources */ = {isa = PBXBuildFile; fileRef = 5780CAF51B3E831D0090ADCE /* CardViewStoryboard.storyboard */; };
		5780CAFA1B3E831D0090ADCE /* ICLoginViewController.storyboard in Resources */ = {isa = PBXBuildFile; fileRef = 5780CAF61B3E831D0090ADCE /* ICLoginViewController.storyboard */; };
		5780CAFB1B3E831D0090ADCE /* LaunchScreen.xib in Resources */ = {isa = PBXBuildFile; fileRef = 5780CAF71B3E831D0090ADCE /* LaunchScreen.xib */; };
		5780CAFC1B3E831D0090ADCE /* Main.storyboard in Resources */ = {isa = PBXBuildFile; fileRef = 5780CAF81B3E831D0090ADCE /* Main.storyboard */; };
		5780CAFF1B3E833C0090ADCE /* ProfileViewController.m in Sources */ = {isa = PBXBuildFile; fileRef = 5780CAFE1B3E833C0090ADCE /* ProfileViewController.m */; };
		5780CB021B3E83460090ADCE /* ICMessagingViewController.m in Sources */ = {isa = PBXBuildFile; fileRef = 5780CB011B3E83460090ADCE /* ICMessagingViewController.m */; };
		5780CB051B3E834F0090ADCE /* ICLoginViewController.m in Sources */ = {isa = PBXBuildFile; fileRef = 5780CB041B3E834F0090ADCE /* ICLoginViewController.m */; };
		5780CB0A1B3E835B0090ADCE /* ICHomeViewController.m in Sources */ = {isa = PBXBuildFile; fileRef = 5780CB071B3E835B0090ADCE /* ICHomeViewController.m */; };
		5780CB0B1B3E835B0090ADCE /* ICCardViewController.m in Sources */ = {isa = PBXBuildFile; fileRef = 5780CB091B3E835B0090ADCE /* ICCardViewController.m */; };
		5780CB0E1B3E83740090ADCE /* ICDataManager.m in Sources */ = {isa = PBXBuildFile; fileRef = 5780CB0D1B3E83740090ADCE /* ICDataManager.m */; };
		5780CB171B3E84A00090ADCE /* IncubeeModel.xcdatamodeld in Sources */ = {isa = PBXBuildFile; fileRef = 5780CB151B3E84A00090ADCE /* IncubeeModel.xcdatamodeld */; };
		5780CB1B1B3E86490090ADCE /* ICAppManager.m in Sources */ = {isa = PBXBuildFile; fileRef = 5780CB1A1B3E86490090ADCE /* ICAppManager.m */; };
		5780CB1E1B3E86BD0090ADCE /* ICAppManager+Networking.m in Sources */ = {isa = PBXBuildFile; fileRef = 5780CB1D1B3E86BD0090ADCE /* ICAppManager+Networking.m */; };
		5780CB281B3E87840090ADCE /* ICRequest.m in Sources */ = {isa = PBXBuildFile; fileRef = 5780CB241B3E87840090ADCE /* ICRequest.m */; };
		5780CB291B3E87840090ADCE /* Reachability.m in Sources */ = {isa = PBXBuildFile; fileRef = 5780CB261B3E87840090ADCE /* Reachability.m */; };
		5780CB391B3E8A250090ADCE /* ICJSONParsingOperations.m in Sources */ = {isa = PBXBuildFile; fileRef = 5780CB341B3E8A250090ADCE /* ICJSONParsingOperations.m */; };
		5780CB3A1B3E8A250090ADCE /* ICNetworkOperation.m in Sources */ = {isa = PBXBuildFile; fileRef = 5780CB361B3E8A250090ADCE /* ICNetworkOperation.m */; };
		5780CB3B1B3E8A250090ADCE /* ICOperationManager.m in Sources */ = {isa = PBXBuildFile; fileRef = 5780CB381B3E8A250090ADCE /* ICOperationManager.m */; };
		5780CB421B3E925C0090ADCE /* ICDataSavingOperations.m in Sources */ = {isa = PBXBuildFile; fileRef = 5780CB411B3E925C0090ADCE /* ICDataSavingOperations.m */; };
		5780CB4B1B3E9E1C0090ADCE /* ICDataManager+DataSaving.m in Sources */ = {isa = PBXBuildFile; fileRef = 5780CB4A1B3E9E1C0090ADCE /* ICDataManager+DataSaving.m */; };
		579D46851B41B0D200168438 /* Lato-Black.ttf in Resources */ = {isa = PBXBuildFile; fileRef = 579D46731B41B0D200168438 /* Lato-Black.ttf */; };
		579D46861B41B0D200168438 /* Lato-BlackItalic.ttf in Resources */ = {isa = PBXBuildFile; fileRef = 579D46741B41B0D200168438 /* Lato-BlackItalic.ttf */; };
		579D46871B41B0D200168438 /* Lato-Bold.ttf in Resources */ = {isa = PBXBuildFile; fileRef = 579D46751B41B0D200168438 /* Lato-Bold.ttf */; };
		579D46881B41B0D200168438 /* Lato-BoldItalic.ttf in Resources */ = {isa = PBXBuildFile; fileRef = 579D46761B41B0D200168438 /* Lato-BoldItalic.ttf */; };
		579D46891B41B0D200168438 /* Lato-Hairline.ttf in Resources */ = {isa = PBXBuildFile; fileRef = 579D46771B41B0D200168438 /* Lato-Hairline.ttf */; };
		579D468A1B41B0D200168438 /* Lato-HairlineItalic.ttf in Resources */ = {isa = PBXBuildFile; fileRef = 579D46781B41B0D200168438 /* Lato-HairlineItalic.ttf */; };
		579D468B1B41B0D200168438 /* Lato-Heavy.ttf in Resources */ = {isa = PBXBuildFile; fileRef = 579D46791B41B0D200168438 /* Lato-Heavy.ttf */; };
		579D468C1B41B0D200168438 /* Lato-HeavyItalic.ttf in Resources */ = {isa = PBXBuildFile; fileRef = 579D467A1B41B0D200168438 /* Lato-HeavyItalic.ttf */; };
		579D468D1B41B0D200168438 /* Lato-Italic.ttf in Resources */ = {isa = PBXBuildFile; fileRef = 579D467B1B41B0D200168438 /* Lato-Italic.ttf */; };
		579D468E1B41B0D200168438 /* Lato-Light.ttf in Resources */ = {isa = PBXBuildFile; fileRef = 579D467C1B41B0D200168438 /* Lato-Light.ttf */; };
		579D468F1B41B0D200168438 /* Lato-LightItalic.ttf in Resources */ = {isa = PBXBuildFile; fileRef = 579D467D1B41B0D200168438 /* Lato-LightItalic.ttf */; };
		579D46901B41B0D200168438 /* Lato-Medium.ttf in Resources */ = {isa = PBXBuildFile; fileRef = 579D467E1B41B0D200168438 /* Lato-Medium.ttf */; };
		579D46911B41B0D200168438 /* Lato-MediumItalic.ttf in Resources */ = {isa = PBXBuildFile; fileRef = 579D467F1B41B0D200168438 /* Lato-MediumItalic.ttf */; };
		579D46921B41B0D200168438 /* Lato-Regular.ttf in Resources */ = {isa = PBXBuildFile; fileRef = 579D46801B41B0D200168438 /* Lato-Regular.ttf */; };
		579D46931B41B0D200168438 /* Lato-Semibold.ttf in Resources */ = {isa = PBXBuildFile; fileRef = 579D46811B41B0D200168438 /* Lato-Semibold.ttf */; };
		579D46941B41B0D200168438 /* Lato-SemiboldItalic.ttf in Resources */ = {isa = PBXBuildFile; fileRef = 579D46821B41B0D200168438 /* Lato-SemiboldItalic.ttf */; };
		579D46951B41B0D200168438 /* Lato-Thin.ttf in Resources */ = {isa = PBXBuildFile; fileRef = 579D46831B41B0D200168438 /* Lato-Thin.ttf */; };
		579D46961B41B0D200168438 /* Lato-ThinItalic.ttf in Resources */ = {isa = PBXBuildFile; fileRef = 579D46841B41B0D200168438 /* Lato-ThinItalic.ttf */; };
		57C98C471B5129DD002F6E81 /* ICUtilityManager.m in Sources */ = {isa = PBXBuildFile; fileRef = 57C98C461B5129DD002F6E81 /* ICUtilityManager.m */; };
		57D52CC11B581DEE008EA1E5 /* ICUserAccountManager.m in Sources */ = {isa = PBXBuildFile; fileRef = 57D52CC01B581DEE008EA1E5 /* ICUserAccountManager.m */; };
		57E724E61B4063E90066C0A5 /* ICImageManager.m in Sources */ = {isa = PBXBuildFile; fileRef = 57E724E51B4063E90066C0A5 /* ICImageManager.m */; };
		58009CA91BE725480041AEBF /* PPDateManager.m in Sources */ = {isa = PBXBuildFile; fileRef = 58009CA81BE725480041AEBF /* PPDateManager.m */; };
		5808FD8F1B8E23920053451A /* ICMessengerManager.m in Sources */ = {isa = PBXBuildFile; fileRef = 5808FD8E1B8E23920053451A /* ICMessengerManager.m */; };
		583C9B321B8F882600A1FF1E /* ICBaseViewController.m in Sources */ = {isa = PBXBuildFile; fileRef = 583C9B311B8F882600A1FF1E /* ICBaseViewController.m */; };
		584513B61C456C68006867A4 /* AppContainerStoryboard.storyboard in Resources */ = {isa = PBXBuildFile; fileRef = 584513B51C456C68006867A4 /* AppContainerStoryboard.storyboard */; };
		584513B91C456C92006867A4 /* ICAppContainerViewController.m in Sources */ = {isa = PBXBuildFile; fileRef = 584513B81C456C92006867A4 /* ICAppContainerViewController.m */; };
		584513BD1C456E3B006867A4 /* ICInvestorViewController.m in Sources */ = {isa = PBXBuildFile; fileRef = 584513BC1C456E3B006867A4 /* ICInvestorViewController.m */; };
		5864EB631B86434C00091C94 /* ICChatViewController.m in Sources */ = {isa = PBXBuildFile; fileRef = 5864EB621B86434C00091C94 /* ICChatViewController.m */; };
		5864EB721B86490B00091C94 /* ICChatTableViewCell.m in Sources */ = {isa = PBXBuildFile; fileRef = 5864EB711B86490B00091C94 /* ICChatTableViewCell.m */; };
		58BD4A191B6CA28C00EC85C4 /* GoogleService-Info.plist in Resources */ = {isa = PBXBuildFile; fileRef = 58BD4A181B6CA28C00EC85C4 /* GoogleService-Info.plist */; };
		58EB822C1C4D4185005917D0 /* User+CoreDataProperties.m in Sources */ = {isa = PBXBuildFile; fileRef = 58EB82191C4D4185005917D0 /* User+CoreDataProperties.m */; };
		58EB822D1C4D4185005917D0 /* User.m in Sources */ = {isa = PBXBuildFile; fileRef = 58EB821B1C4D4185005917D0 /* User.m */; };
		58EB822E1C4D4185005917D0 /* Customer+CoreDataProperties.m in Sources */ = {isa = PBXBuildFile; fileRef = 58EB821D1C4D4185005917D0 /* Customer+CoreDataProperties.m */; };
		58EB822F1C4D4185005917D0 /* Customer.m in Sources */ = {isa = PBXBuildFile; fileRef = 58EB821F1C4D4185005917D0 /* Customer.m */; };
		58EB82301C4D4185005917D0 /* Incubee+CoreDataProperties.m in Sources */ = {isa = PBXBuildFile; fileRef = 58EB82211C4D4185005917D0 /* Incubee+CoreDataProperties.m */; };
		58EB82311C4D4185005917D0 /* Incubee.m in Sources */ = {isa = PBXBuildFile; fileRef = 58EB82231C4D4185005917D0 /* Incubee.m */; };
		58EB82321C4D4185005917D0 /* IncubeeImage+CoreDataProperties.m in Sources */ = {isa = PBXBuildFile; fileRef = 58EB82251C4D4185005917D0 /* IncubeeImage+CoreDataProperties.m */; };
		58EB82331C4D4185005917D0 /* IncubeeImage.m in Sources */ = {isa = PBXBuildFile; fileRef = 58EB82271C4D4185005917D0 /* IncubeeImage.m */; };
		58EB82341C4D4185005917D0 /* Messages+CoreDataProperties.m in Sources */ = {isa = PBXBuildFile; fileRef = 58EB82291C4D4185005917D0 /* Messages+CoreDataProperties.m */; };
		58EB82351C4D4185005917D0 /* Messages.m in Sources */ = {isa = PBXBuildFile; fileRef = 58EB822B1C4D4185005917D0 /* Messages.m */; };
		58EB82371C4D47C4005917D0 /* ICInvestorStoryboard.storyboard in Resources */ = {isa = PBXBuildFile; fileRef = 58EB82361C4D47C4005917D0 /* ICInvestorStoryboard.storyboard */; };
		930CB1D550C9E950F61E556D /* libPods.a in Frameworks */ = {isa = PBXBuildFile; fileRef = 79BDB03A56CF3D54AE87702E /* libPods.a */; };
/* End PBXBuildFile section */

/* Begin PBXContainerItemProxy section */
		570388F81B31E67300BB9D40 /* PBXContainerItemProxy */ = {
			isa = PBXContainerItemProxy;
			containerPortal = 570388D31B31E67300BB9D40 /* Project object */;
			proxyType = 1;
			remoteGlobalIDString = 570388DA1B31E67300BB9D40;
			remoteInfo = Incubee;
		};
/* End PBXContainerItemProxy section */

/* Begin PBXFileReference section */
		0A44A87BDEBA45C48AA4DD6B /* Pods.release.xcconfig */ = {isa = PBXFileReference; includeInIndex = 1; lastKnownFileType = text.xcconfig; name = Pods.release.xcconfig; path = "Pods/Target Support Files/Pods/Pods.release.xcconfig"; sourceTree = "<group>"; };
		29B27AB27E2276910CB9B434 /* Pods.debug.xcconfig */ = {isa = PBXFileReference; includeInIndex = 1; lastKnownFileType = text.xcconfig; name = Pods.debug.xcconfig; path = "Pods/Target Support Files/Pods/Pods.debug.xcconfig"; sourceTree = "<group>"; };
		570388DB1B31E67300BB9D40 /* Incubee.app */ = {isa = PBXFileReference; explicitFileType = wrapper.application; includeInIndex = 0; path = Incubee.app; sourceTree = BUILT_PRODUCTS_DIR; };
		570388DF1B31E67300BB9D40 /* Info.plist */ = {isa = PBXFileReference; lastKnownFileType = text.plist.xml; path = Info.plist; sourceTree = "<group>"; };
		570388E01B31E67300BB9D40 /* main.m */ = {isa = PBXFileReference; lastKnownFileType = sourcecode.c.objc; path = main.m; sourceTree = "<group>"; };
		570388E21B31E67300BB9D40 /* AppDelegate.h */ = {isa = PBXFileReference; lastKnownFileType = sourcecode.c.h; path = AppDelegate.h; sourceTree = "<group>"; };
		570388E31B31E67300BB9D40 /* AppDelegate.m */ = {isa = PBXFileReference; lastKnownFileType = sourcecode.c.objc; path = AppDelegate.m; sourceTree = "<group>"; };
		570388EE1B31E67300BB9D40 /* Images.xcassets */ = {isa = PBXFileReference; lastKnownFileType = folder.assetcatalog; path = Images.xcassets; sourceTree = "<group>"; };
		570388F71B31E67300BB9D40 /* IncubeeTests.xctest */ = {isa = PBXFileReference; explicitFileType = wrapper.cfbundle; includeInIndex = 0; path = IncubeeTests.xctest; sourceTree = BUILT_PRODUCTS_DIR; };
		570388FC1B31E67300BB9D40 /* Info.plist */ = {isa = PBXFileReference; lastKnownFileType = text.plist.xml; path = Info.plist; sourceTree = "<group>"; };
		570388FD1B31E67300BB9D40 /* IncubeeTests.m */ = {isa = PBXFileReference; lastKnownFileType = sourcecode.c.objc; path = IncubeeTests.m; sourceTree = "<group>"; };
		571F79411B3D222D008F727E /* CoreData.framework */ = {isa = PBXFileReference; lastKnownFileType = wrapper.framework; name = CoreData.framework; path = System/Library/Frameworks/CoreData.framework; sourceTree = SDKROOT; };
		571F79531B3D2407008F727E /* UIKit.framework */ = {isa = PBXFileReference; lastKnownFileType = wrapper.framework; name = UIKit.framework; path = System/Library/Frameworks/UIKit.framework; sourceTree = SDKROOT; };
		571F79551B3D2417008F727E /* Foundation.framework */ = {isa = PBXFileReference; lastKnownFileType = wrapper.framework; name = Foundation.framework; path = System/Library/Frameworks/Foundation.framework; sourceTree = SDKROOT; };
		576C4DBF1B3F1402008AA2EB /* ICIncubeeLoginViewController.h */ = {isa = PBXFileReference; fileEncoding = 4; lastKnownFileType = sourcecode.c.h; name = ICIncubeeLoginViewController.h; path = Source/ViewController/Login/ICIncubeeLoginViewController.h; sourceTree = "<group>"; };
		576C4DC01B3F1402008AA2EB /* ICIncubeeLoginViewController.m */ = {isa = PBXFileReference; fileEncoding = 4; lastKnownFileType = sourcecode.c.objc; name = ICIncubeeLoginViewController.m; path = Source/ViewController/Login/ICIncubeeLoginViewController.m; sourceTree = "<group>"; };
		5780CAF51B3E831D0090ADCE /* CardViewStoryboard.storyboard */ = {isa = PBXFileReference; fileEncoding = 4; lastKnownFileType = file.storyboard; name = CardViewStoryboard.storyboard; path = Source/ViewController/Storyboards/CardViewStoryboard.storyboard; sourceTree = "<group>"; };
		5780CAF61B3E831D0090ADCE /* ICLoginViewController.storyboard */ = {isa = PBXFileReference; fileEncoding = 4; lastKnownFileType = file.storyboard; name = ICLoginViewController.storyboard; path = Source/ViewController/Storyboards/ICLoginViewController.storyboard; sourceTree = "<group>"; };
		5780CAF71B3E831D0090ADCE /* LaunchScreen.xib */ = {isa = PBXFileReference; fileEncoding = 4; lastKnownFileType = file.xib; name = LaunchScreen.xib; path = Source/ViewController/Storyboards/LaunchScreen.xib; sourceTree = "<group>"; };
		5780CAF81B3E831D0090ADCE /* Main.storyboard */ = {isa = PBXFileReference; fileEncoding = 4; lastKnownFileType = file.storyboard; name = Main.storyboard; path = Source/ViewController/Storyboards/Main.storyboard; sourceTree = "<group>"; };
		5780CAFD1B3E833C0090ADCE /* ProfileViewController.h */ = {isa = PBXFileReference; fileEncoding = 4; lastKnownFileType = sourcecode.c.h; name = ProfileViewController.h; path = Source/ViewController/Profile/ProfileViewController.h; sourceTree = "<group>"; };
		5780CAFE1B3E833C0090ADCE /* ProfileViewController.m */ = {isa = PBXFileReference; fileEncoding = 4; lastKnownFileType = sourcecode.c.objc; name = ProfileViewController.m; path = Source/ViewController/Profile/ProfileViewController.m; sourceTree = "<group>"; };
		5780CB001B3E83460090ADCE /* ICMessagingViewController.h */ = {isa = PBXFileReference; fileEncoding = 4; lastKnownFileType = sourcecode.c.h; name = ICMessagingViewController.h; path = Source/ViewController/Messanger/ICMessagingViewController.h; sourceTree = "<group>"; };
		5780CB011B3E83460090ADCE /* ICMessagingViewController.m */ = {isa = PBXFileReference; fileEncoding = 4; lastKnownFileType = sourcecode.c.objc; name = ICMessagingViewController.m; path = Source/ViewController/Messanger/ICMessagingViewController.m; sourceTree = "<group>"; };
		5780CB031B3E834F0090ADCE /* ICLoginViewController.h */ = {isa = PBXFileReference; fileEncoding = 4; lastKnownFileType = sourcecode.c.h; name = ICLoginViewController.h; path = Source/ViewController/Login/ICLoginViewController.h; sourceTree = "<group>"; };
		5780CB041B3E834F0090ADCE /* ICLoginViewController.m */ = {isa = PBXFileReference; fileEncoding = 4; lastKnownFileType = sourcecode.c.objc; name = ICLoginViewController.m; path = Source/ViewController/Login/ICLoginViewController.m; sourceTree = "<group>"; };
		5780CB061B3E835B0090ADCE /* ICHomeViewController.h */ = {isa = PBXFileReference; fileEncoding = 4; lastKnownFileType = sourcecode.c.h; name = ICHomeViewController.h; path = Source/ViewController/Home/ICHomeViewController.h; sourceTree = "<group>"; };
		5780CB071B3E835B0090ADCE /* ICHomeViewController.m */ = {isa = PBXFileReference; fileEncoding = 4; lastKnownFileType = sourcecode.c.objc; name = ICHomeViewController.m; path = Source/ViewController/Home/ICHomeViewController.m; sourceTree = "<group>"; };
		5780CB081B3E835B0090ADCE /* ICCardViewController.h */ = {isa = PBXFileReference; fileEncoding = 4; lastKnownFileType = sourcecode.c.h; name = ICCardViewController.h; path = Source/ViewController/Home/ICCardViewController.h; sourceTree = "<group>"; };
		5780CB091B3E835B0090ADCE /* ICCardViewController.m */ = {isa = PBXFileReference; fileEncoding = 4; lastKnownFileType = sourcecode.c.objc; name = ICCardViewController.m; path = Source/ViewController/Home/ICCardViewController.m; sourceTree = "<group>"; };
		5780CB0C1B3E83740090ADCE /* ICDataManager.h */ = {isa = PBXFileReference; fileEncoding = 4; lastKnownFileType = sourcecode.c.h; name = ICDataManager.h; path = "Source/Data Module/ICDataManager.h"; sourceTree = "<group>"; };
		5780CB0D1B3E83740090ADCE /* ICDataManager.m */ = {isa = PBXFileReference; fileEncoding = 4; lastKnownFileType = sourcecode.c.objc; name = ICDataManager.m; path = "Source/Data Module/ICDataManager.m"; sourceTree = "<group>"; };
		5780CB161B3E84A00090ADCE /* IncubeeModel.xcdatamodel */ = {isa = PBXFileReference; lastKnownFileType = wrapper.xcdatamodel; path = IncubeeModel.xcdatamodel; sourceTree = "<group>"; };
		5780CB191B3E86490090ADCE /* ICAppManager.h */ = {isa = PBXFileReference; fileEncoding = 4; lastKnownFileType = sourcecode.c.h; name = ICAppManager.h; path = Source/OperationManagers/ICAppManager.h; sourceTree = "<group>"; };
		5780CB1A1B3E86490090ADCE /* ICAppManager.m */ = {isa = PBXFileReference; fileEncoding = 4; lastKnownFileType = sourcecode.c.objc; name = ICAppManager.m; path = Source/OperationManagers/ICAppManager.m; sourceTree = "<group>"; };
		5780CB1C1B3E86BD0090ADCE /* ICAppManager+Networking.h */ = {isa = PBXFileReference; fileEncoding = 4; lastKnownFileType = sourcecode.c.h; name = "ICAppManager+Networking.h"; path = "Source/OperationManagers/ICAppManager+Networking.h"; sourceTree = "<group>"; };
		5780CB1D1B3E86BD0090ADCE /* ICAppManager+Networking.m */ = {isa = PBXFileReference; fileEncoding = 4; lastKnownFileType = sourcecode.c.objc; name = "ICAppManager+Networking.m"; path = "Source/OperationManagers/ICAppManager+Networking.m"; sourceTree = "<group>"; };
		5780CB231B3E87840090ADCE /* ICRequest.h */ = {isa = PBXFileReference; fileEncoding = 4; lastKnownFileType = sourcecode.c.h; name = ICRequest.h; path = "Source/Network Module/ICRequest.h"; sourceTree = "<group>"; };
		5780CB241B3E87840090ADCE /* ICRequest.m */ = {isa = PBXFileReference; fileEncoding = 4; lastKnownFileType = sourcecode.c.objc; name = ICRequest.m; path = "Source/Network Module/ICRequest.m"; sourceTree = "<group>"; };
		5780CB251B3E87840090ADCE /* Reachability.h */ = {isa = PBXFileReference; fileEncoding = 4; lastKnownFileType = sourcecode.c.h; name = Reachability.h; path = "Source/Network Module/Reachability.h"; sourceTree = "<group>"; };
		5780CB261B3E87840090ADCE /* Reachability.m */ = {isa = PBXFileReference; fileEncoding = 4; lastKnownFileType = sourcecode.c.objc; name = Reachability.m; path = "Source/Network Module/Reachability.m"; sourceTree = "<group>"; };
		5780CB331B3E8A250090ADCE /* ICJSONParsingOperations.h */ = {isa = PBXFileReference; fileEncoding = 4; lastKnownFileType = sourcecode.c.h; name = ICJSONParsingOperations.h; path = Source/OperationManagers/ICJSONParsingOperations.h; sourceTree = "<group>"; };
		5780CB341B3E8A250090ADCE /* ICJSONParsingOperations.m */ = {isa = PBXFileReference; fileEncoding = 4; lastKnownFileType = sourcecode.c.objc; name = ICJSONParsingOperations.m; path = Source/OperationManagers/ICJSONParsingOperations.m; sourceTree = "<group>"; };
		5780CB351B3E8A250090ADCE /* ICNetworkOperation.h */ = {isa = PBXFileReference; fileEncoding = 4; lastKnownFileType = sourcecode.c.h; name = ICNetworkOperation.h; path = Source/OperationManagers/ICNetworkOperation.h; sourceTree = "<group>"; };
		5780CB361B3E8A250090ADCE /* ICNetworkOperation.m */ = {isa = PBXFileReference; fileEncoding = 4; lastKnownFileType = sourcecode.c.objc; name = ICNetworkOperation.m; path = Source/OperationManagers/ICNetworkOperation.m; sourceTree = "<group>"; };
		5780CB371B3E8A250090ADCE /* ICOperationManager.h */ = {isa = PBXFileReference; fileEncoding = 4; lastKnownFileType = sourcecode.c.h; name = ICOperationManager.h; path = Source/OperationManagers/ICOperationManager.h; sourceTree = "<group>"; };
		5780CB381B3E8A250090ADCE /* ICOperationManager.m */ = {isa = PBXFileReference; fileEncoding = 4; lastKnownFileType = sourcecode.c.objc; name = ICOperationManager.m; path = Source/OperationManagers/ICOperationManager.m; sourceTree = "<group>"; };
		5780CB3C1B3E8EBB0090ADCE /* PrefixHeader.pch */ = {isa = PBXFileReference; fileEncoding = 4; lastKnownFileType = sourcecode.c.h; path = PrefixHeader.pch; sourceTree = "<group>"; };
		5780CB401B3E925C0090ADCE /* ICDataSavingOperations.h */ = {isa = PBXFileReference; fileEncoding = 4; lastKnownFileType = sourcecode.c.h; name = ICDataSavingOperations.h; path = Source/OperationManagers/ICDataSavingOperations.h; sourceTree = "<group>"; };
		5780CB411B3E925C0090ADCE /* ICDataSavingOperations.m */ = {isa = PBXFileReference; fileEncoding = 4; lastKnownFileType = sourcecode.c.objc; name = ICDataSavingOperations.m; path = Source/OperationManagers/ICDataSavingOperations.m; sourceTree = "<group>"; };
		5780CB491B3E9E1C0090ADCE /* ICDataManager+DataSaving.h */ = {isa = PBXFileReference; fileEncoding = 4; lastKnownFileType = sourcecode.c.h; name = "ICDataManager+DataSaving.h"; path = "Source/Data Module/ICDataManager+DataSaving.h"; sourceTree = "<group>"; };
		5780CB4A1B3E9E1C0090ADCE /* ICDataManager+DataSaving.m */ = {isa = PBXFileReference; fileEncoding = 4; lastKnownFileType = sourcecode.c.objc; name = "ICDataManager+DataSaving.m"; path = "Source/Data Module/ICDataManager+DataSaving.m"; sourceTree = "<group>"; };
		579D46731B41B0D200168438 /* Lato-Black.ttf */ = {isa = PBXFileReference; lastKnownFileType = file; name = "Lato-Black.ttf"; path = "Resource/Font/lato/Lato-Black.ttf"; sourceTree = "<group>"; };
		579D46741B41B0D200168438 /* Lato-BlackItalic.ttf */ = {isa = PBXFileReference; lastKnownFileType = file; name = "Lato-BlackItalic.ttf"; path = "Resource/Font/lato/Lato-BlackItalic.ttf"; sourceTree = "<group>"; };
		579D46751B41B0D200168438 /* Lato-Bold.ttf */ = {isa = PBXFileReference; lastKnownFileType = file; name = "Lato-Bold.ttf"; path = "Resource/Font/lato/Lato-Bold.ttf"; sourceTree = "<group>"; };
		579D46761B41B0D200168438 /* Lato-BoldItalic.ttf */ = {isa = PBXFileReference; lastKnownFileType = file; name = "Lato-BoldItalic.ttf"; path = "Resource/Font/lato/Lato-BoldItalic.ttf"; sourceTree = "<group>"; };
		579D46771B41B0D200168438 /* Lato-Hairline.ttf */ = {isa = PBXFileReference; lastKnownFileType = file; name = "Lato-Hairline.ttf"; path = "Resource/Font/lato/Lato-Hairline.ttf"; sourceTree = "<group>"; };
		579D46781B41B0D200168438 /* Lato-HairlineItalic.ttf */ = {isa = PBXFileReference; lastKnownFileType = file; name = "Lato-HairlineItalic.ttf"; path = "Resource/Font/lato/Lato-HairlineItalic.ttf"; sourceTree = "<group>"; };
		579D46791B41B0D200168438 /* Lato-Heavy.ttf */ = {isa = PBXFileReference; lastKnownFileType = file; name = "Lato-Heavy.ttf"; path = "Resource/Font/lato/Lato-Heavy.ttf"; sourceTree = "<group>"; };
		579D467A1B41B0D200168438 /* Lato-HeavyItalic.ttf */ = {isa = PBXFileReference; lastKnownFileType = file; name = "Lato-HeavyItalic.ttf"; path = "Resource/Font/lato/Lato-HeavyItalic.ttf"; sourceTree = "<group>"; };
		579D467B1B41B0D200168438 /* Lato-Italic.ttf */ = {isa = PBXFileReference; lastKnownFileType = file; name = "Lato-Italic.ttf"; path = "Resource/Font/lato/Lato-Italic.ttf"; sourceTree = "<group>"; };
		579D467C1B41B0D200168438 /* Lato-Light.ttf */ = {isa = PBXFileReference; lastKnownFileType = file; name = "Lato-Light.ttf"; path = "Resource/Font/lato/Lato-Light.ttf"; sourceTree = "<group>"; };
		579D467D1B41B0D200168438 /* Lato-LightItalic.ttf */ = {isa = PBXFileReference; lastKnownFileType = file; name = "Lato-LightItalic.ttf"; path = "Resource/Font/lato/Lato-LightItalic.ttf"; sourceTree = "<group>"; };
		579D467E1B41B0D200168438 /* Lato-Medium.ttf */ = {isa = PBXFileReference; lastKnownFileType = file; name = "Lato-Medium.ttf"; path = "Resource/Font/lato/Lato-Medium.ttf"; sourceTree = "<group>"; };
		579D467F1B41B0D200168438 /* Lato-MediumItalic.ttf */ = {isa = PBXFileReference; lastKnownFileType = file; name = "Lato-MediumItalic.ttf"; path = "Resource/Font/lato/Lato-MediumItalic.ttf"; sourceTree = "<group>"; };
		579D46801B41B0D200168438 /* Lato-Regular.ttf */ = {isa = PBXFileReference; lastKnownFileType = file; name = "Lato-Regular.ttf"; path = "Resource/Font/lato/Lato-Regular.ttf"; sourceTree = "<group>"; };
		579D46811B41B0D200168438 /* Lato-Semibold.ttf */ = {isa = PBXFileReference; lastKnownFileType = file; name = "Lato-Semibold.ttf"; path = "Resource/Font/lato/Lato-Semibold.ttf"; sourceTree = "<group>"; };
		579D46821B41B0D200168438 /* Lato-SemiboldItalic.ttf */ = {isa = PBXFileReference; lastKnownFileType = file; name = "Lato-SemiboldItalic.ttf"; path = "Resource/Font/lato/Lato-SemiboldItalic.ttf"; sourceTree = "<group>"; };
		579D46831B41B0D200168438 /* Lato-Thin.ttf */ = {isa = PBXFileReference; lastKnownFileType = file; name = "Lato-Thin.ttf"; path = "Resource/Font/lato/Lato-Thin.ttf"; sourceTree = "<group>"; };
		579D46841B41B0D200168438 /* Lato-ThinItalic.ttf */ = {isa = PBXFileReference; lastKnownFileType = file; name = "Lato-ThinItalic.ttf"; path = "Resource/Font/lato/Lato-ThinItalic.ttf"; sourceTree = "<group>"; };
		57C98C451B5129DD002F6E81 /* ICUtilityManager.h */ = {isa = PBXFileReference; fileEncoding = 4; lastKnownFileType = sourcecode.c.h; name = ICUtilityManager.h; path = Source/OperationManagers/ICUtilityManager.h; sourceTree = "<group>"; };
		57C98C461B5129DD002F6E81 /* ICUtilityManager.m */ = {isa = PBXFileReference; fileEncoding = 4; lastKnownFileType = sourcecode.c.objc; name = ICUtilityManager.m; path = Source/OperationManagers/ICUtilityManager.m; sourceTree = "<group>"; };
		57D52CBF1B581DEE008EA1E5 /* ICUserAccountManager.h */ = {isa = PBXFileReference; fileEncoding = 4; lastKnownFileType = sourcecode.c.h; name = ICUserAccountManager.h; path = Source/OperationManagers/ICUserAccountManager.h; sourceTree = "<group>"; };
		57D52CC01B581DEE008EA1E5 /* ICUserAccountManager.m */ = {isa = PBXFileReference; fileEncoding = 4; lastKnownFileType = sourcecode.c.objc; name = ICUserAccountManager.m; path = Source/OperationManagers/ICUserAccountManager.m; sourceTree = "<group>"; };
		57E724E41B4063E90066C0A5 /* ICImageManager.h */ = {isa = PBXFileReference; fileEncoding = 4; lastKnownFileType = sourcecode.c.h; name = ICImageManager.h; path = Source/OperationManagers/ICImageManager.h; sourceTree = "<group>"; };
		57E724E51B4063E90066C0A5 /* ICImageManager.m */ = {isa = PBXFileReference; fileEncoding = 4; lastKnownFileType = sourcecode.c.objc; name = ICImageManager.m; path = Source/OperationManagers/ICImageManager.m; sourceTree = "<group>"; };
		58009CA71BE725480041AEBF /* PPDateManager.h */ = {isa = PBXFileReference; fileEncoding = 4; lastKnownFileType = sourcecode.c.h; name = PPDateManager.h; path = Source/OperationManagers/PPDateManager.h; sourceTree = "<group>"; };
		58009CA81BE725480041AEBF /* PPDateManager.m */ = {isa = PBXFileReference; fileEncoding = 4; lastKnownFileType = sourcecode.c.objc; name = PPDateManager.m; path = Source/OperationManagers/PPDateManager.m; sourceTree = "<group>"; };
		5808FD8D1B8E23920053451A /* ICMessengerManager.h */ = {isa = PBXFileReference; fileEncoding = 4; lastKnownFileType = sourcecode.c.h; name = ICMessengerManager.h; path = Source/OperationManagers/ICMessengerManager.h; sourceTree = "<group>"; };
		5808FD8E1B8E23920053451A /* ICMessengerManager.m */ = {isa = PBXFileReference; fileEncoding = 4; lastKnownFileType = sourcecode.c.objc; name = ICMessengerManager.m; path = Source/OperationManagers/ICMessengerManager.m; sourceTree = "<group>"; };
		580954C31B91FD8E00660B25 /* ICNetworkConstant.h */ = {isa = PBXFileReference; fileEncoding = 4; lastKnownFileType = sourcecode.c.h; name = ICNetworkConstant.h; path = "Source/Network Module/ICNetworkConstant.h"; sourceTree = "<group>"; };
		583C9B301B8F882600A1FF1E /* ICBaseViewController.h */ = {isa = PBXFileReference; fileEncoding = 4; lastKnownFileType = sourcecode.c.h; name = ICBaseViewController.h; path = Source/ViewController/ICBaseViewController.h; sourceTree = "<group>"; };
		583C9B311B8F882600A1FF1E /* ICBaseViewController.m */ = {isa = PBXFileReference; fileEncoding = 4; lastKnownFileType = sourcecode.c.objc; name = ICBaseViewController.m; path = Source/ViewController/ICBaseViewController.m; sourceTree = "<group>"; };
		584513B51C456C68006867A4 /* AppContainerStoryboard.storyboard */ = {isa = PBXFileReference; fileEncoding = 4; lastKnownFileType = file.storyboard; name = AppContainerStoryboard.storyboard; path = Source/ViewController/Storyboards/AppContainerStoryboard.storyboard; sourceTree = "<group>"; };
		584513B71C456C92006867A4 /* ICAppContainerViewController.h */ = {isa = PBXFileReference; fileEncoding = 4; lastKnownFileType = sourcecode.c.h; name = ICAppContainerViewController.h; path = Source/ViewController/ICAppContainerViewController.h; sourceTree = "<group>"; };
		584513B81C456C92006867A4 /* ICAppContainerViewController.m */ = {isa = PBXFileReference; fileEncoding = 4; lastKnownFileType = sourcecode.c.objc; name = ICAppContainerViewController.m; path = Source/ViewController/ICAppContainerViewController.m; sourceTree = "<group>"; };
		584513BB1C456E3B006867A4 /* ICInvestorViewController.h */ = {isa = PBXFileReference; fileEncoding = 4; lastKnownFileType = sourcecode.c.h; name = ICInvestorViewController.h; path = Source/ViewController/Investor/ICInvestorViewController.h; sourceTree = "<group>"; };
		584513BC1C456E3B006867A4 /* ICInvestorViewController.m */ = {isa = PBXFileReference; fileEncoding = 4; lastKnownFileType = sourcecode.c.objc; name = ICInvestorViewController.m; path = Source/ViewController/Investor/ICInvestorViewController.m; sourceTree = "<group>"; };
		5864EB611B86434C00091C94 /* ICChatViewController.h */ = {isa = PBXFileReference; fileEncoding = 4; lastKnownFileType = sourcecode.c.h; name = ICChatViewController.h; path = Source/ViewController/Messanger/ICChatViewController.h; sourceTree = "<group>"; };
		5864EB621B86434C00091C94 /* ICChatViewController.m */ = {isa = PBXFileReference; fileEncoding = 4; lastKnownFileType = sourcecode.c.objc; name = ICChatViewController.m; path = Source/ViewController/Messanger/ICChatViewController.m; sourceTree = "<group>"; };
		5864EB701B86490B00091C94 /* ICChatTableViewCell.h */ = {isa = PBXFileReference; fileEncoding = 4; lastKnownFileType = sourcecode.c.h; name = ICChatTableViewCell.h; path = Source/ViewController/Messanger/ICChatTableViewCell.h; sourceTree = "<group>"; };
		5864EB711B86490B00091C94 /* ICChatTableViewCell.m */ = {isa = PBXFileReference; fileEncoding = 4; lastKnownFileType = sourcecode.c.objc; name = ICChatTableViewCell.m; path = Source/ViewController/Messanger/ICChatTableViewCell.m; sourceTree = "<group>"; };
		58BD4A181B6CA28C00EC85C4 /* GoogleService-Info.plist */ = {isa = PBXFileReference; fileEncoding = 4; lastKnownFileType = text.plist.xml; path = "GoogleService-Info.plist"; sourceTree = "<group>"; };
		58E47B111B94CF7F00053C60 /* ICConstants.h */ = {isa = PBXFileReference; fileEncoding = 4; lastKnownFileType = sourcecode.c.h; name = ICConstants.h; path = Source/OperationManagers/ICConstants.h; sourceTree = "<group>"; };
		58EB82181C4D4185005917D0 /* User+CoreDataProperties.h */ = {isa = PBXFileReference; fileEncoding = 4; lastKnownFileType = sourcecode.c.h; name = "User+CoreDataProperties.h"; path = "Source/Data Module/ManagedObjects/User+CoreDataProperties.h"; sourceTree = "<group>"; };
		58EB82191C4D4185005917D0 /* User+CoreDataProperties.m */ = {isa = PBXFileReference; fileEncoding = 4; lastKnownFileType = sourcecode.c.objc; name = "User+CoreDataProperties.m"; path = "Source/Data Module/ManagedObjects/User+CoreDataProperties.m"; sourceTree = "<group>"; };
		58EB821A1C4D4185005917D0 /* User.h */ = {isa = PBXFileReference; fileEncoding = 4; lastKnownFileType = sourcecode.c.h; name = User.h; path = "Source/Data Module/ManagedObjects/User.h"; sourceTree = "<group>"; };
		58EB821B1C4D4185005917D0 /* User.m */ = {isa = PBXFileReference; fileEncoding = 4; lastKnownFileType = sourcecode.c.objc; name = User.m; path = "Source/Data Module/ManagedObjects/User.m"; sourceTree = "<group>"; };
		58EB821C1C4D4185005917D0 /* Customer+CoreDataProperties.h */ = {isa = PBXFileReference; fileEncoding = 4; lastKnownFileType = sourcecode.c.h; name = "Customer+CoreDataProperties.h"; path = "Source/Data Module/ManagedObjects/Customer+CoreDataProperties.h"; sourceTree = "<group>"; };
		58EB821D1C4D4185005917D0 /* Customer+CoreDataProperties.m */ = {isa = PBXFileReference; fileEncoding = 4; lastKnownFileType = sourcecode.c.objc; name = "Customer+CoreDataProperties.m"; path = "Source/Data Module/ManagedObjects/Customer+CoreDataProperties.m"; sourceTree = "<group>"; };
		58EB821E1C4D4185005917D0 /* Customer.h */ = {isa = PBXFileReference; fileEncoding = 4; lastKnownFileType = sourcecode.c.h; name = Customer.h; path = "Source/Data Module/ManagedObjects/Customer.h"; sourceTree = "<group>"; };
		58EB821F1C4D4185005917D0 /* Customer.m */ = {isa = PBXFileReference; fileEncoding = 4; lastKnownFileType = sourcecode.c.objc; name = Customer.m; path = "Source/Data Module/ManagedObjects/Customer.m"; sourceTree = "<group>"; };
		58EB82201C4D4185005917D0 /* Incubee+CoreDataProperties.h */ = {isa = PBXFileReference; fileEncoding = 4; lastKnownFileType = sourcecode.c.h; name = "Incubee+CoreDataProperties.h"; path = "Source/Data Module/ManagedObjects/Incubee+CoreDataProperties.h"; sourceTree = "<group>"; };
		58EB82211C4D4185005917D0 /* Incubee+CoreDataProperties.m */ = {isa = PBXFileReference; fileEncoding = 4; lastKnownFileType = sourcecode.c.objc; name = "Incubee+CoreDataProperties.m"; path = "Source/Data Module/ManagedObjects/Incubee+CoreDataProperties.m"; sourceTree = "<group>"; };
		58EB82221C4D4185005917D0 /* Incubee.h */ = {isa = PBXFileReference; fileEncoding = 4; lastKnownFileType = sourcecode.c.h; name = Incubee.h; path = "Source/Data Module/ManagedObjects/Incubee.h"; sourceTree = "<group>"; };
		58EB82231C4D4185005917D0 /* Incubee.m */ = {isa = PBXFileReference; fileEncoding = 4; lastKnownFileType = sourcecode.c.objc; name = Incubee.m; path = "Source/Data Module/ManagedObjects/Incubee.m"; sourceTree = "<group>"; };
		58EB82241C4D4185005917D0 /* IncubeeImage+CoreDataProperties.h */ = {isa = PBXFileReference; fileEncoding = 4; lastKnownFileType = sourcecode.c.h; name = "IncubeeImage+CoreDataProperties.h"; path = "Source/Data Module/ManagedObjects/IncubeeImage+CoreDataProperties.h"; sourceTree = "<group>"; };
		58EB82251C4D4185005917D0 /* IncubeeImage+CoreDataProperties.m */ = {isa = PBXFileReference; fileEncoding = 4; lastKnownFileType = sourcecode.c.objc; name = "IncubeeImage+CoreDataProperties.m"; path = "Source/Data Module/ManagedObjects/IncubeeImage+CoreDataProperties.m"; sourceTree = "<group>"; };
		58EB82261C4D4185005917D0 /* IncubeeImage.h */ = {isa = PBXFileReference; fileEncoding = 4; lastKnownFileType = sourcecode.c.h; name = IncubeeImage.h; path = "Source/Data Module/ManagedObjects/IncubeeImage.h"; sourceTree = "<group>"; };
		58EB82271C4D4185005917D0 /* IncubeeImage.m */ = {isa = PBXFileReference; fileEncoding = 4; lastKnownFileType = sourcecode.c.objc; name = IncubeeImage.m; path = "Source/Data Module/ManagedObjects/IncubeeImage.m"; sourceTree = "<group>"; };
		58EB82281C4D4185005917D0 /* Messages+CoreDataProperties.h */ = {isa = PBXFileReference; fileEncoding = 4; lastKnownFileType = sourcecode.c.h; name = "Messages+CoreDataProperties.h"; path = "Source/Data Module/ManagedObjects/Messages+CoreDataProperties.h"; sourceTree = "<group>"; };
		58EB82291C4D4185005917D0 /* Messages+CoreDataProperties.m */ = {isa = PBXFileReference; fileEncoding = 4; lastKnownFileType = sourcecode.c.objc; name = "Messages+CoreDataProperties.m"; path = "Source/Data Module/ManagedObjects/Messages+CoreDataProperties.m"; sourceTree = "<group>"; };
		58EB822A1C4D4185005917D0 /* Messages.h */ = {isa = PBXFileReference; fileEncoding = 4; lastKnownFileType = sourcecode.c.h; name = Messages.h; path = "Source/Data Module/ManagedObjects/Messages.h"; sourceTree = "<group>"; };
		58EB822B1C4D4185005917D0 /* Messages.m */ = {isa = PBXFileReference; fileEncoding = 4; lastKnownFileType = sourcecode.c.objc; name = Messages.m; path = "Source/Data Module/ManagedObjects/Messages.m"; sourceTree = "<group>"; };
		58EB82361C4D47C4005917D0 /* ICInvestorStoryboard.storyboard */ = {isa = PBXFileReference; fileEncoding = 4; lastKnownFileType = file.storyboard; name = ICInvestorStoryboard.storyboard; path = Source/ViewController/Storyboards/ICInvestorStoryboard.storyboard; sourceTree = "<group>"; };
		79BDB03A56CF3D54AE87702E /* libPods.a */ = {isa = PBXFileReference; explicitFileType = archive.ar; includeInIndex = 0; path = libPods.a; sourceTree = BUILT_PRODUCTS_DIR; };
/* End PBXFileReference section */

/* Begin PBXFrameworksBuildPhase section */
		570388D81B31E67300BB9D40 /* Frameworks */ = {
			isa = PBXFrameworksBuildPhase;
			buildActionMask = 2147483647;
			files = (
				571F79561B3D2417008F727E /* Foundation.framework in Frameworks */,
				571F79541B3D2407008F727E /* UIKit.framework in Frameworks */,
				571F79421B3D222D008F727E /* CoreData.framework in Frameworks */,
				930CB1D550C9E950F61E556D /* libPods.a in Frameworks */,
			);
			runOnlyForDeploymentPostprocessing = 0;
		};
		570388F41B31E67300BB9D40 /* Frameworks */ = {
			isa = PBXFrameworksBuildPhase;
			buildActionMask = 2147483647;
			files = (
			);
			runOnlyForDeploymentPostprocessing = 0;
		};
/* End PBXFrameworksBuildPhase section */

/* Begin PBXGroup section */
		570388D21B31E67300BB9D40 = {
			isa = PBXGroup;
			children = (
				58BD4A181B6CA28C00EC85C4 /* GoogleService-Info.plist */,
				570388DD1B31E67300BB9D40 /* Incubee */,
				570388FA1B31E67300BB9D40 /* IncubeeTests */,
				570388DC1B31E67300BB9D40 /* Products */,
				70B51E13AD9040D6964063DB /* Pods */,
				97C050AFCE99255923EDF539 /* Frameworks */,
			);
			sourceTree = "<group>";
		};
		570388DC1B31E67300BB9D40 /* Products */ = {
			isa = PBXGroup;
			children = (
				570388DB1B31E67300BB9D40 /* Incubee.app */,
				570388F71B31E67300BB9D40 /* IncubeeTests.xctest */,
			);
			name = Products;
			sourceTree = "<group>";
		};
		570388DD1B31E67300BB9D40 /* Incubee */ = {
			isa = PBXGroup;
			children = (
				579D464A1B41AEFE00168438 /* Resource */,
				5780CAEC1B3E81800090ADCE /* Source */,
				570388E21B31E67300BB9D40 /* AppDelegate.h */,
				570388E31B31E67300BB9D40 /* AppDelegate.m */,
				570388EE1B31E67300BB9D40 /* Images.xcassets */,
				570388DE1B31E67300BB9D40 /* Supporting Files */,
				5780CB3C1B3E8EBB0090ADCE /* PrefixHeader.pch */,
			);
			path = Incubee;
			sourceTree = "<group>";
		};
		570388DE1B31E67300BB9D40 /* Supporting Files */ = {
			isa = PBXGroup;
			children = (
				570388DF1B31E67300BB9D40 /* Info.plist */,
				570388E01B31E67300BB9D40 /* main.m */,
			);
			name = "Supporting Files";
			sourceTree = "<group>";
		};
		570388FA1B31E67300BB9D40 /* IncubeeTests */ = {
			isa = PBXGroup;
			children = (
				570388FD1B31E67300BB9D40 /* IncubeeTests.m */,
				570388FB1B31E67300BB9D40 /* Supporting Files */,
			);
			path = IncubeeTests;
			sourceTree = "<group>";
		};
		570388FB1B31E67300BB9D40 /* Supporting Files */ = {
			isa = PBXGroup;
			children = (
				570388FC1B31E67300BB9D40 /* Info.plist */,
			);
			name = "Supporting Files";
			sourceTree = "<group>";
		};
		571F79341B3D0BE9008F727E /* Data Module */ = {
			isa = PBXGroup;
			children = (
				581D9FAA1B66BDC200270A16 /* Managed Objects */,
				5780CB0C1B3E83740090ADCE /* ICDataManager.h */,
				5780CB0D1B3E83740090ADCE /* ICDataManager.m */,
				5780CB491B3E9E1C0090ADCE /* ICDataManager+DataSaving.h */,
				5780CB4A1B3E9E1C0090ADCE /* ICDataManager+DataSaving.m */,
				571F794C1B3D231F008F727E /* CoreData Model */,
			);
			name = "Data Module";
			sourceTree = "<group>";
		};
		571F794C1B3D231F008F727E /* CoreData Model */ = {
			isa = PBXGroup;
			children = (
				5780CB151B3E84A00090ADCE /* IncubeeModel.xcdatamodeld */,
			);
			name = "CoreData Model";
			sourceTree = "<group>";
		};
		5780CAEC1B3E81800090ADCE /* Source */ = {
			isa = PBXGroup;
			children = (
				5780CB1F1B3E87430090ADCE /* Network Module */,
				5780CB181B3E85EF0090ADCE /* OperationsManager */,
				571F79341B3D0BE9008F727E /* Data Module */,
				5780CAEE1B3E819D0090ADCE /* ViewControllers */,
			);
			name = Source;
			sourceTree = "<group>";
		};
		5780CAEE1B3E819D0090ADCE /* ViewControllers */ = {
			isa = PBXGroup;
			children = (
				584513B71C456C92006867A4 /* ICAppContainerViewController.h */,
				584513B81C456C92006867A4 /* ICAppContainerViewController.m */,
				583C9B301B8F882600A1FF1E /* ICBaseViewController.h */,
				583C9B311B8F882600A1FF1E /* ICBaseViewController.m */,
				584513BA1C456E16006867A4 /* Investor */,
				5780CAF41B3E82F20090ADCE /* Storyboards */,
				5780CAF31B3E81C60090ADCE /* Search */,
				5780CAF21B3E81C00090ADCE /* Profile */,
				5780CAF11B3E81B70090ADCE /* Messanger */,
				5780CAF01B3E81AF0090ADCE /* Login */,
				5780CAEF1B3E81A90090ADCE /* Home */,
			);
			name = ViewControllers;
			sourceTree = "<group>";
		};
		5780CAEF1B3E81A90090ADCE /* Home */ = {
			isa = PBXGroup;
			children = (
				5780CB061B3E835B0090ADCE /* ICHomeViewController.h */,
				5780CB071B3E835B0090ADCE /* ICHomeViewController.m */,
				5780CB081B3E835B0090ADCE /* ICCardViewController.h */,
				5780CB091B3E835B0090ADCE /* ICCardViewController.m */,
			);
			name = Home;
			sourceTree = "<group>";
		};
		5780CAF01B3E81AF0090ADCE /* Login */ = {
			isa = PBXGroup;
			children = (
				5780CB031B3E834F0090ADCE /* ICLoginViewController.h */,
				5780CB041B3E834F0090ADCE /* ICLoginViewController.m */,
				576C4DBF1B3F1402008AA2EB /* ICIncubeeLoginViewController.h */,
				576C4DC01B3F1402008AA2EB /* ICIncubeeLoginViewController.m */,
			);
			name = Login;
			sourceTree = "<group>";
		};
		5780CAF11B3E81B70090ADCE /* Messanger */ = {
			isa = PBXGroup;
			children = (
				5780CB001B3E83460090ADCE /* ICMessagingViewController.h */,
				5780CB011B3E83460090ADCE /* ICMessagingViewController.m */,
				5864EB611B86434C00091C94 /* ICChatViewController.h */,
				5864EB621B86434C00091C94 /* ICChatViewController.m */,
				5864EB701B86490B00091C94 /* ICChatTableViewCell.h */,
				5864EB711B86490B00091C94 /* ICChatTableViewCell.m */,
			);
			name = Messanger;
			sourceTree = "<group>";
		};
		5780CAF21B3E81C00090ADCE /* Profile */ = {
			isa = PBXGroup;
			children = (
				5780CAFD1B3E833C0090ADCE /* ProfileViewController.h */,
				5780CAFE1B3E833C0090ADCE /* ProfileViewController.m */,
			);
			name = Profile;
			sourceTree = "<group>";
		};
		5780CAF31B3E81C60090ADCE /* Search */ = {
			isa = PBXGroup;
			children = (
			);
			name = Search;
			sourceTree = "<group>";
		};
		5780CAF41B3E82F20090ADCE /* Storyboards */ = {
			isa = PBXGroup;
			children = (
				5780CAF51B3E831D0090ADCE /* CardViewStoryboard.storyboard */,
				5780CAF61B3E831D0090ADCE /* ICLoginViewController.storyboard */,
				5780CAF71B3E831D0090ADCE /* LaunchScreen.xib */,
				5780CAF81B3E831D0090ADCE /* Main.storyboard */,
				584513B51C456C68006867A4 /* AppContainerStoryboard.storyboard */,
				58EB82361C4D47C4005917D0 /* ICInvestorStoryboard.storyboard */,
			);
			name = Storyboards;
			sourceTree = "<group>";
		};
		5780CB181B3E85EF0090ADCE /* OperationsManager */ = {
			isa = PBXGroup;
			children = (
				58009CA71BE725480041AEBF /* PPDateManager.h */,
				58009CA81BE725480041AEBF /* PPDateManager.m */,
				5780CB191B3E86490090ADCE /* ICAppManager.h */,
				5780CB1A1B3E86490090ADCE /* ICAppManager.m */,
				5780CB1C1B3E86BD0090ADCE /* ICAppManager+Networking.h */,
				5780CB1D1B3E86BD0090ADCE /* ICAppManager+Networking.m */,
				5780CB371B3E8A250090ADCE /* ICOperationManager.h */,
				5780CB381B3E8A250090ADCE /* ICOperationManager.m */,
				5780CB351B3E8A250090ADCE /* ICNetworkOperation.h */,
				5780CB361B3E8A250090ADCE /* ICNetworkOperation.m */,
				5780CB331B3E8A250090ADCE /* ICJSONParsingOperations.h */,
				5780CB341B3E8A250090ADCE /* ICJSONParsingOperations.m */,
				5780CB401B3E925C0090ADCE /* ICDataSavingOperations.h */,
				5780CB411B3E925C0090ADCE /* ICDataSavingOperations.m */,
				57E724E41B4063E90066C0A5 /* ICImageManager.h */,
				57E724E51B4063E90066C0A5 /* ICImageManager.m */,
				57C98C451B5129DD002F6E81 /* ICUtilityManager.h */,
				57C98C461B5129DD002F6E81 /* ICUtilityManager.m */,
				57D52CBF1B581DEE008EA1E5 /* ICUserAccountManager.h */,
				57D52CC01B581DEE008EA1E5 /* ICUserAccountManager.m */,
				5808FD8D1B8E23920053451A /* ICMessengerManager.h */,
				5808FD8E1B8E23920053451A /* ICMessengerManager.m */,
				58E47B111B94CF7F00053C60 /* ICConstants.h */,
			);
			name = OperationsManager;
			sourceTree = "<group>";
		};
		5780CB1F1B3E87430090ADCE /* Network Module */ = {
			isa = PBXGroup;
			children = (
				5780CB231B3E87840090ADCE /* ICRequest.h */,
				5780CB241B3E87840090ADCE /* ICRequest.m */,
				5780CB251B3E87840090ADCE /* Reachability.h */,
				5780CB261B3E87840090ADCE /* Reachability.m */,
				580954C31B91FD8E00660B25 /* ICNetworkConstant.h */,
			);
			name = "Network Module";
			sourceTree = "<group>";
		};
		579D464A1B41AEFE00168438 /* Resource */ = {
			isa = PBXGroup;
			children = (
				579D466F1B41B0A900168438 /* Font */,
			);
			name = Resource;
			sourceTree = "<group>";
		};
		579D466F1B41B0A900168438 /* Font */ = {
			isa = PBXGroup;
			children = (
				579D46721B41B0C500168438 /* Lato */,
			);
			name = Font;
			sourceTree = "<group>";
		};
		579D46721B41B0C500168438 /* Lato */ = {
			isa = PBXGroup;
			children = (
				579D46731B41B0D200168438 /* Lato-Black.ttf */,
				579D46741B41B0D200168438 /* Lato-BlackItalic.ttf */,
				579D46751B41B0D200168438 /* Lato-Bold.ttf */,
				579D46761B41B0D200168438 /* Lato-BoldItalic.ttf */,
				579D46771B41B0D200168438 /* Lato-Hairline.ttf */,
				579D46781B41B0D200168438 /* Lato-HairlineItalic.ttf */,
				579D46791B41B0D200168438 /* Lato-Heavy.ttf */,
				579D467A1B41B0D200168438 /* Lato-HeavyItalic.ttf */,
				579D467B1B41B0D200168438 /* Lato-Italic.ttf */,
				579D467C1B41B0D200168438 /* Lato-Light.ttf */,
				579D467D1B41B0D200168438 /* Lato-LightItalic.ttf */,
				579D467E1B41B0D200168438 /* Lato-Medium.ttf */,
				579D467F1B41B0D200168438 /* Lato-MediumItalic.ttf */,
				579D46801B41B0D200168438 /* Lato-Regular.ttf */,
				579D46811B41B0D200168438 /* Lato-Semibold.ttf */,
				579D46821B41B0D200168438 /* Lato-SemiboldItalic.ttf */,
				579D46831B41B0D200168438 /* Lato-Thin.ttf */,
				579D46841B41B0D200168438 /* Lato-ThinItalic.ttf */,
			);
			name = Lato;
			sourceTree = "<group>";
		};
		581D9FAA1B66BDC200270A16 /* Managed Objects */ = {
			isa = PBXGroup;
			children = (
				58EB82181C4D4185005917D0 /* User+CoreDataProperties.h */,
				58EB82191C4D4185005917D0 /* User+CoreDataProperties.m */,
				58EB821A1C4D4185005917D0 /* User.h */,
				58EB821B1C4D4185005917D0 /* User.m */,
				58EB821C1C4D4185005917D0 /* Customer+CoreDataProperties.h */,
				58EB821D1C4D4185005917D0 /* Customer+CoreDataProperties.m */,
				58EB821E1C4D4185005917D0 /* Customer.h */,
				58EB821F1C4D4185005917D0 /* Customer.m */,
				58EB82201C4D4185005917D0 /* Incubee+CoreDataProperties.h */,
				58EB82211C4D4185005917D0 /* Incubee+CoreDataProperties.m */,
				58EB82221C4D4185005917D0 /* Incubee.h */,
				58EB82231C4D4185005917D0 /* Incubee.m */,
				58EB82241C4D4185005917D0 /* IncubeeImage+CoreDataProperties.h */,
				58EB82251C4D4185005917D0 /* IncubeeImage+CoreDataProperties.m */,
				58EB82261C4D4185005917D0 /* IncubeeImage.h */,
				58EB82271C4D4185005917D0 /* IncubeeImage.m */,
				58EB82281C4D4185005917D0 /* Messages+CoreDataProperties.h */,
				58EB82291C4D4185005917D0 /* Messages+CoreDataProperties.m */,
				58EB822A1C4D4185005917D0 /* Messages.h */,
				58EB822B1C4D4185005917D0 /* Messages.m */,
			);
			name = "Managed Objects";
			sourceTree = "<group>";
		};
		584513BA1C456E16006867A4 /* Investor */ = {
			isa = PBXGroup;
			children = (
				584513BB1C456E3B006867A4 /* ICInvestorViewController.h */,
				584513BC1C456E3B006867A4 /* ICInvestorViewController.m */,
			);
			name = Investor;
			sourceTree = "<group>";
		};
		70B51E13AD9040D6964063DB /* Pods */ = {
			isa = PBXGroup;
			children = (
				29B27AB27E2276910CB9B434 /* Pods.debug.xcconfig */,
				0A44A87BDEBA45C48AA4DD6B /* Pods.release.xcconfig */,
			);
			name = Pods;
			sourceTree = "<group>";
		};
		97C050AFCE99255923EDF539 /* Frameworks */ = {
			isa = PBXGroup;
			children = (
				571F79551B3D2417008F727E /* Foundation.framework */,
				571F79531B3D2407008F727E /* UIKit.framework */,
				571F79411B3D222D008F727E /* CoreData.framework */,
				79BDB03A56CF3D54AE87702E /* libPods.a */,
			);
			name = Frameworks;
			sourceTree = "<group>";
		};
/* End PBXGroup section */

/* Begin PBXNativeTarget section */
		570388DA1B31E67300BB9D40 /* Incubee */ = {
			isa = PBXNativeTarget;
			buildConfigurationList = 570389011B31E67300BB9D40 /* Build configuration list for PBXNativeTarget "Incubee" */;
			buildPhases = (
				778564D996D391F536B87081 /* Check Pods Manifest.lock */,
				570388D71B31E67300BB9D40 /* Sources */,
				570388D81B31E67300BB9D40 /* Frameworks */,
				570388D91B31E67300BB9D40 /* Resources */,
				5046D88979D535563148FB4B /* Copy Pods Resources */,
				6391963A59AC197064530990 /* Embed Pods Frameworks */,
			);
			buildRules = (
			);
			dependencies = (
			);
			name = Incubee;
			productName = Incubee;
			productReference = 570388DB1B31E67300BB9D40 /* Incubee.app */;
			productType = "com.apple.product-type.application";
		};
		570388F61B31E67300BB9D40 /* IncubeeTests */ = {
			isa = PBXNativeTarget;
			buildConfigurationList = 570389041B31E67300BB9D40 /* Build configuration list for PBXNativeTarget "IncubeeTests" */;
			buildPhases = (
				570388F31B31E67300BB9D40 /* Sources */,
				570388F41B31E67300BB9D40 /* Frameworks */,
				570388F51B31E67300BB9D40 /* Resources */,
			);
			buildRules = (
			);
			dependencies = (
				570388F91B31E67300BB9D40 /* PBXTargetDependency */,
			);
			name = IncubeeTests;
			productName = IncubeeTests;
			productReference = 570388F71B31E67300BB9D40 /* IncubeeTests.xctest */;
			productType = "com.apple.product-type.bundle.unit-test";
		};
/* End PBXNativeTarget section */

/* Begin PBXProject section */
		570388D31B31E67300BB9D40 /* Project object */ = {
			isa = PBXProject;
			attributes = {
				LastUpgradeCheck = 0720;
				ORGANIZATIONNAME = Incubee;
				TargetAttributes = {
					570388DA1B31E67300BB9D40 = {
						CreatedOnToolsVersion = 6.3.2;
						DevelopmentTeam = FHXW64JJEE;
					};
					570388F61B31E67300BB9D40 = {
						CreatedOnToolsVersion = 6.3.2;
						DevelopmentTeam = FHXW64JJEE;
						TestTargetID = 570388DA1B31E67300BB9D40;
					};
				};
			};
			buildConfigurationList = 570388D61B31E67300BB9D40 /* Build configuration list for PBXProject "Incubee" */;
			compatibilityVersion = "Xcode 3.2";
			developmentRegion = English;
			hasScannedForEncodings = 0;
			knownRegions = (
				en,
				Base,
			);
			mainGroup = 570388D21B31E67300BB9D40;
			productRefGroup = 570388DC1B31E67300BB9D40 /* Products */;
			projectDirPath = "";
			projectRoot = "";
			targets = (
				570388DA1B31E67300BB9D40 /* Incubee */,
				570388F61B31E67300BB9D40 /* IncubeeTests */,
			);
		};
/* End PBXProject section */

/* Begin PBXResourcesBuildPhase section */
		570388D91B31E67300BB9D40 /* Resources */ = {
			isa = PBXResourcesBuildPhase;
			buildActionMask = 2147483647;
			files = (
				579D46911B41B0D200168438 /* Lato-MediumItalic.ttf in Resources */,
				579D46861B41B0D200168438 /* Lato-BlackItalic.ttf in Resources */,
				579D46851B41B0D200168438 /* Lato-Black.ttf in Resources */,
				579D46941B41B0D200168438 /* Lato-SemiboldItalic.ttf in Resources */,
				579D468A1B41B0D200168438 /* Lato-HairlineItalic.ttf in Resources */,
				579D46891B41B0D200168438 /* Lato-Hairline.ttf in Resources */,
				579D46951B41B0D200168438 /* Lato-Thin.ttf in Resources */,
				5780CAFB1B3E831D0090ADCE /* LaunchScreen.xib in Resources */,
				579D46921B41B0D200168438 /* Lato-Regular.ttf in Resources */,
				5780CAF91B3E831D0090ADCE /* CardViewStoryboard.storyboard in Resources */,
				5780CAFC1B3E831D0090ADCE /* Main.storyboard in Resources */,
				584513B61C456C68006867A4 /* AppContainerStoryboard.storyboard in Resources */,
				5780CAFA1B3E831D0090ADCE /* ICLoginViewController.storyboard in Resources */,
				579D46961B41B0D200168438 /* Lato-ThinItalic.ttf in Resources */,
				579D46871B41B0D200168438 /* Lato-Bold.ttf in Resources */,
				579D468F1B41B0D200168438 /* Lato-LightItalic.ttf in Resources */,
				579D468D1B41B0D200168438 /* Lato-Italic.ttf in Resources */,
				58EB82371C4D47C4005917D0 /* ICInvestorStoryboard.storyboard in Resources */,
				579D46931B41B0D200168438 /* Lato-Semibold.ttf in Resources */,
				58BD4A191B6CA28C00EC85C4 /* GoogleService-Info.plist in Resources */,
				579D468B1B41B0D200168438 /* Lato-Heavy.ttf in Resources */,
				579D46901B41B0D200168438 /* Lato-Medium.ttf in Resources */,
				570388EF1B31E67300BB9D40 /* Images.xcassets in Resources */,
				579D468C1B41B0D200168438 /* Lato-HeavyItalic.ttf in Resources */,
				579D46881B41B0D200168438 /* Lato-BoldItalic.ttf in Resources */,
				579D468E1B41B0D200168438 /* Lato-Light.ttf in Resources */,
			);
			runOnlyForDeploymentPostprocessing = 0;
		};
		570388F51B31E67300BB9D40 /* Resources */ = {
			isa = PBXResourcesBuildPhase;
			buildActionMask = 2147483647;
			files = (
			);
			runOnlyForDeploymentPostprocessing = 0;
		};
/* End PBXResourcesBuildPhase section */

/* Begin PBXShellScriptBuildPhase section */
		5046D88979D535563148FB4B /* Copy Pods Resources */ = {
			isa = PBXShellScriptBuildPhase;
			buildActionMask = 2147483647;
			files = (
			);
			inputPaths = (
			);
			name = "Copy Pods Resources";
			outputPaths = (
			);
			runOnlyForDeploymentPostprocessing = 0;
			shellPath = /bin/sh;
			shellScript = "\"${SRCROOT}/Pods/Target Support Files/Pods/Pods-resources.sh\"\n";
			showEnvVarsInLog = 0;
		};
		6391963A59AC197064530990 /* Embed Pods Frameworks */ = {
			isa = PBXShellScriptBuildPhase;
			buildActionMask = 2147483647;
			files = (
			);
			inputPaths = (
			);
			name = "Embed Pods Frameworks";
			outputPaths = (
			);
			runOnlyForDeploymentPostprocessing = 0;
			shellPath = /bin/sh;
			shellScript = "\"${SRCROOT}/Pods/Target Support Files/Pods/Pods-frameworks.sh\"\n";
			showEnvVarsInLog = 0;
		};
		778564D996D391F536B87081 /* Check Pods Manifest.lock */ = {
			isa = PBXShellScriptBuildPhase;
			buildActionMask = 2147483647;
			files = (
			);
			inputPaths = (
			);
			name = "Check Pods Manifest.lock";
			outputPaths = (
			);
			runOnlyForDeploymentPostprocessing = 0;
			shellPath = /bin/sh;
			shellScript = "diff \"${PODS_ROOT}/../Podfile.lock\" \"${PODS_ROOT}/Manifest.lock\" > /dev/null\nif [[ $? != 0 ]] ; then\n    cat << EOM\nerror: The sandbox is not in sync with the Podfile.lock. Run 'pod install' or update your CocoaPods installation.\nEOM\n    exit 1\nfi\n";
			showEnvVarsInLog = 0;
		};
/* End PBXShellScriptBuildPhase section */

/* Begin PBXSourcesBuildPhase section */
		570388D71B31E67300BB9D40 /* Sources */ = {
			isa = PBXSourcesBuildPhase;
			buildActionMask = 2147483647;
			files = (
				58EB822C1C4D4185005917D0 /* User+CoreDataProperties.m in Sources */,
				584513B91C456C92006867A4 /* ICAppContainerViewController.m in Sources */,
				576C4DC11B3F1402008AA2EB /* ICIncubeeLoginViewController.m in Sources */,
				570388E41B31E67300BB9D40 /* AppDelegate.m in Sources */,
				58EB82331C4D4185005917D0 /* IncubeeImage.m in Sources */,
				58EB82341C4D4185005917D0 /* Messages+CoreDataProperties.m in Sources */,
				58009CA91BE725480041AEBF /* PPDateManager.m in Sources */,
				58EB822E1C4D4185005917D0 /* Customer+CoreDataProperties.m in Sources */,
				5780CB0E1B3E83740090ADCE /* ICDataManager.m in Sources */,
				58EB82301C4D4185005917D0 /* Incubee+CoreDataProperties.m in Sources */,
				57E724E61B4063E90066C0A5 /* ICImageManager.m in Sources */,
				58EB82311C4D4185005917D0 /* Incubee.m in Sources */,
				57D52CC11B581DEE008EA1E5 /* ICUserAccountManager.m in Sources */,
				5780CB0A1B3E835B0090ADCE /* ICHomeViewController.m in Sources */,
				5780CAFF1B3E833C0090ADCE /* ProfileViewController.m in Sources */,
				5808FD8F1B8E23920053451A /* ICMessengerManager.m in Sources */,
				58EB82351C4D4185005917D0 /* Messages.m in Sources */,
				58EB822D1C4D4185005917D0 /* User.m in Sources */,
				5780CB3B1B3E8A250090ADCE /* ICOperationManager.m in Sources */,
				5864EB631B86434C00091C94 /* ICChatViewController.m in Sources */,
				5780CB051B3E834F0090ADCE /* ICLoginViewController.m in Sources */,
				57C98C471B5129DD002F6E81 /* ICUtilityManager.m in Sources */,
				584513BD1C456E3B006867A4 /* ICInvestorViewController.m in Sources */,
				5780CB391B3E8A250090ADCE /* ICJSONParsingOperations.m in Sources */,
				5780CB0B1B3E835B0090ADCE /* ICCardViewController.m in Sources */,
				583C9B321B8F882600A1FF1E /* ICBaseViewController.m in Sources */,
				5780CB1E1B3E86BD0090ADCE /* ICAppManager+Networking.m in Sources */,
				58EB822F1C4D4185005917D0 /* Customer.m in Sources */,
				5780CB1B1B3E86490090ADCE /* ICAppManager.m in Sources */,
				5780CB4B1B3E9E1C0090ADCE /* ICDataManager+DataSaving.m in Sources */,
				5780CB291B3E87840090ADCE /* Reachability.m in Sources */,
				5780CB281B3E87840090ADCE /* ICRequest.m in Sources */,
				5780CB021B3E83460090ADCE /* ICMessagingViewController.m in Sources */,
				5864EB721B86490B00091C94 /* ICChatTableViewCell.m in Sources */,
				58EB82321C4D4185005917D0 /* IncubeeImage+CoreDataProperties.m in Sources */,
				5780CB421B3E925C0090ADCE /* ICDataSavingOperations.m in Sources */,
				5780CB171B3E84A00090ADCE /* IncubeeModel.xcdatamodeld in Sources */,
				5780CB3A1B3E8A250090ADCE /* ICNetworkOperation.m in Sources */,
				570388E11B31E67300BB9D40 /* main.m in Sources */,
			);
			runOnlyForDeploymentPostprocessing = 0;
		};
		570388F31B31E67300BB9D40 /* Sources */ = {
			isa = PBXSourcesBuildPhase;
			buildActionMask = 2147483647;
			files = (
				570388FE1B31E67300BB9D40 /* IncubeeTests.m in Sources */,
			);
			runOnlyForDeploymentPostprocessing = 0;
		};
/* End PBXSourcesBuildPhase section */

/* Begin PBXTargetDependency section */
		570388F91B31E67300BB9D40 /* PBXTargetDependency */ = {
			isa = PBXTargetDependency;
			target = 570388DA1B31E67300BB9D40 /* Incubee */;
			targetProxy = 570388F81B31E67300BB9D40 /* PBXContainerItemProxy */;
		};
/* End PBXTargetDependency section */

/* Begin XCBuildConfiguration section */
		570388FF1B31E67300BB9D40 /* Debug */ = {
			isa = XCBuildConfiguration;
			buildSettings = {
				ALWAYS_SEARCH_USER_PATHS = NO;
				CLANG_CXX_LANGUAGE_STANDARD = "gnu++0x";
				CLANG_CXX_LIBRARY = "libc++";
				CLANG_ENABLE_MODULES = YES;
				CLANG_ENABLE_OBJC_ARC = YES;
				CLANG_WARN_BOOL_CONVERSION = YES;
				CLANG_WARN_CONSTANT_CONVERSION = YES;
				CLANG_WARN_DIRECT_OBJC_ISA_USAGE = YES_ERROR;
				CLANG_WARN_EMPTY_BODY = YES;
				CLANG_WARN_ENUM_CONVERSION = YES;
				CLANG_WARN_INT_CONVERSION = YES;
				CLANG_WARN_OBJC_ROOT_CLASS = YES_ERROR;
				CLANG_WARN_UNREACHABLE_CODE = YES;
				CLANG_WARN__DUPLICATE_METHOD_MATCH = YES;
				CODE_SIGN_IDENTITY = "iPhone Developer: Abinathab Bennet (LE8F8QVAA9)";
				"CODE_SIGN_IDENTITY[sdk=iphoneos*]" = "iPhone Developer: Abinathab Bennet (LE8F8QVAA9)";
				COPY_PHASE_STRIP = NO;
				DEBUG_INFORMATION_FORMAT = "dwarf-with-dsym";
				ENABLE_BITCODE = NO;
				ENABLE_STRICT_OBJC_MSGSEND = YES;
				ENABLE_TESTABILITY = YES;
				GCC_C_LANGUAGE_STANDARD = gnu99;
				GCC_DYNAMIC_NO_PIC = NO;
				GCC_NO_COMMON_BLOCKS = YES;
				GCC_OPTIMIZATION_LEVEL = 0;
				GCC_PREPROCESSOR_DEFINITIONS = (
					DEBUG,
					"$(inherited)",
				);
				GCC_SYMBOLS_PRIVATE_EXTERN = NO;
				GCC_WARN_64_TO_32_BIT_CONVERSION = YES;
				GCC_WARN_ABOUT_RETURN_TYPE = YES_ERROR;
				GCC_WARN_UNDECLARED_SELECTOR = YES;
				GCC_WARN_UNINITIALIZED_AUTOS = YES_AGGRESSIVE;
				GCC_WARN_UNUSED_FUNCTION = YES;
				GCC_WARN_UNUSED_VARIABLE = YES;
				IPHONEOS_DEPLOYMENT_TARGET = 8.2;
				LIBRARY_SEARCH_PATHS = "$(SRCROOT)/";
				MTL_ENABLE_DEBUG_INFO = YES;
				ONLY_ACTIVE_ARCH = YES;
				PROVISIONING_PROFILE = "b97a5551-f499-4484-b838-5e29cdcdd553";
				SDKROOT = iphoneos;
				TARGETED_DEVICE_FAMILY = 1;
			};
			name = Debug;
		};
		570389001B31E67300BB9D40 /* Release */ = {
			isa = XCBuildConfiguration;
			buildSettings = {
				ALWAYS_SEARCH_USER_PATHS = NO;
				CLANG_CXX_LANGUAGE_STANDARD = "gnu++0x";
				CLANG_CXX_LIBRARY = "libc++";
				CLANG_ENABLE_MODULES = YES;
				CLANG_ENABLE_OBJC_ARC = YES;
				CLANG_WARN_BOOL_CONVERSION = YES;
				CLANG_WARN_CONSTANT_CONVERSION = YES;
				CLANG_WARN_DIRECT_OBJC_ISA_USAGE = YES_ERROR;
				CLANG_WARN_EMPTY_BODY = YES;
				CLANG_WARN_ENUM_CONVERSION = YES;
				CLANG_WARN_INT_CONVERSION = YES;
				CLANG_WARN_OBJC_ROOT_CLASS = YES_ERROR;
				CLANG_WARN_UNREACHABLE_CODE = YES;
				CLANG_WARN__DUPLICATE_METHOD_MATCH = YES;
				CODE_SIGN_IDENTITY = "iPhone Distribution: Abinathab Bennet (FHXW64JJEE)";
				"CODE_SIGN_IDENTITY[sdk=iphoneos*]" = "iPhone Distribution: Abinathab Bennet (FHXW64JJEE)";
				COPY_PHASE_STRIP = NO;
				DEBUG_INFORMATION_FORMAT = "dwarf-with-dsym";
				ENABLE_BITCODE = NO;
				ENABLE_NS_ASSERTIONS = NO;
				ENABLE_STRICT_OBJC_MSGSEND = YES;
				GCC_C_LANGUAGE_STANDARD = gnu99;
				GCC_NO_COMMON_BLOCKS = YES;
				GCC_PREPROCESSOR_DEFINITIONS = (
					RELEASE,
					"$(inherited)",
				);
				GCC_WARN_64_TO_32_BIT_CONVERSION = YES;
				GCC_WARN_ABOUT_RETURN_TYPE = YES_ERROR;
				GCC_WARN_UNDECLARED_SELECTOR = YES;
				GCC_WARN_UNINITIALIZED_AUTOS = YES_AGGRESSIVE;
				GCC_WARN_UNUSED_FUNCTION = YES;
				GCC_WARN_UNUSED_VARIABLE = YES;
				IPHONEOS_DEPLOYMENT_TARGET = 8.2;
				LIBRARY_SEARCH_PATHS = "$(SRCROOT)/";
				MTL_ENABLE_DEBUG_INFO = NO;
				PROVISIONING_PROFILE = "bf0f3d1b-898e-4bab-b92e-2ad6232525e7";
				SDKROOT = iphoneos;
				TARGETED_DEVICE_FAMILY = 1;
				VALIDATE_PRODUCT = YES;
			};
			name = Release;
		};
		570389021B31E67300BB9D40 /* Debug */ = {
			isa = XCBuildConfiguration;
			baseConfigurationReference = 29B27AB27E2276910CB9B434 /* Pods.debug.xcconfig */;
			buildSettings = {
				ASSETCATALOG_COMPILER_APPICON_NAME = AppIcon;
				CODE_SIGN_IDENTITY = "iPhone Developer: Rithesh Rao (XKNL676335)";
				"CODE_SIGN_IDENTITY[sdk=iphoneos*]" = "iPhone Developer: Rithesh Rao (XKNL676335)";
				GCC_PRECOMPILE_PREFIX_HEADER = YES;
				GCC_PREFIX_HEADER = Incubee/PrefixHeader.pch;
				INFOPLIST_FILE = Incubee/Info.plist;
				IPHONEOS_DEPLOYMENT_TARGET = 8.2;
				LD_RUNPATH_SEARCH_PATHS = "$(inherited) @executable_path/Frameworks";
				ONLY_ACTIVE_ARCH = NO;
				PRODUCT_BUNDLE_IDENTIFIER = ee.incub.www;
				PRODUCT_NAME = "$(TARGET_NAME)";
				PROVISIONING_PROFILE = "4e27648d-fcf4-4e63-92bf-948b0f60903c";
				TARGETED_DEVICE_FAMILY = 1;
			};
			name = Debug;
		};
		570389031B31E67300BB9D40 /* Release */ = {
			isa = XCBuildConfiguration;
			baseConfigurationReference = 0A44A87BDEBA45C48AA4DD6B /* Pods.release.xcconfig */;
			buildSettings = {
				ASSETCATALOG_COMPILER_APPICON_NAME = AppIcon;
				CODE_SIGN_IDENTITY = "iPhone Distribution: Abinathab Bennet (FHXW64JJEE)";
				"CODE_SIGN_IDENTITY[sdk=iphoneos*]" = "iPhone Distribution: Abinathab Bennet (FHXW64JJEE)";
				GCC_PRECOMPILE_PREFIX_HEADER = YES;
				GCC_PREFIX_HEADER = Incubee/PrefixHeader.pch;
				INFOPLIST_FILE = Incubee/Info.plist;
				IPHONEOS_DEPLOYMENT_TARGET = 8.2;
				LD_RUNPATH_SEARCH_PATHS = "$(inherited) @executable_path/Frameworks";
				PRODUCT_BUNDLE_IDENTIFIER = ee.incub.www;
				PRODUCT_NAME = "$(TARGET_NAME)";
				PROVISIONING_PROFILE = "bf0f3d1b-898e-4bab-b92e-2ad6232525e7";
				TARGETED_DEVICE_FAMILY = 1;
			};
			name = Release;
		};
		570389051B31E67300BB9D40 /* Debug */ = {
			isa = XCBuildConfiguration;
			buildSettings = {
				BUNDLE_LOADER = "$(TEST_HOST)";
				CODE_SIGN_IDENTITY = "iPhone Developer";
				"CODE_SIGN_IDENTITY[sdk=iphoneos*]" = "iPhone Developer";
				FRAMEWORK_SEARCH_PATHS = (
					"$(SDKROOT)/Developer/Library/Frameworks",
					"$(inherited)",
				);
				GCC_PREPROCESSOR_DEFINITIONS = (
					"DEBUG=1",
					"$(inherited)",
				);
				INFOPLIST_FILE = IncubeeTests/Info.plist;
				LD_RUNPATH_SEARCH_PATHS = "$(inherited) @executable_path/Frameworks @loader_path/Frameworks";
				PRODUCT_BUNDLE_IDENTIFIER = "ee.incub.incubee.$(PRODUCT_NAME:rfc1034identifier)";
				PRODUCT_NAME = "$(TARGET_NAME)";
				PROVISIONING_PROFILE = "";
				TEST_HOST = "$(BUILT_PRODUCTS_DIR)/Incubee.app/Incubee";
			};
			name = Debug;
		};
		570389061B31E67300BB9D40 /* Release */ = {
			isa = XCBuildConfiguration;
			buildSettings = {
				BUNDLE_LOADER = "$(TEST_HOST)";
				CODE_SIGN_IDENTITY = "iPhone Developer";
				"CODE_SIGN_IDENTITY[sdk=iphoneos*]" = "iPhone Developer";
				FRAMEWORK_SEARCH_PATHS = (
					"$(SDKROOT)/Developer/Library/Frameworks",
					"$(inherited)",
				);
				INFOPLIST_FILE = IncubeeTests/Info.plist;
				LD_RUNPATH_SEARCH_PATHS = "$(inherited) @executable_path/Frameworks @loader_path/Frameworks";
				PRODUCT_BUNDLE_IDENTIFIER = "ee.incub.incubee.$(PRODUCT_NAME:rfc1034identifier)";
				PRODUCT_NAME = "$(TARGET_NAME)";
				PROVISIONING_PROFILE = "";
				TEST_HOST = "$(BUILT_PRODUCTS_DIR)/Incubee.app/Incubee";
			};
			name = Release;
		};
/* End XCBuildConfiguration section */

/* Begin XCConfigurationList section */
		570388D61B31E67300BB9D40 /* Build configuration list for PBXProject "Incubee" */ = {
			isa = XCConfigurationList;
			buildConfigurations = (
				570388FF1B31E67300BB9D40 /* Debug */,
				570389001B31E67300BB9D40 /* Release */,
			);
			defaultConfigurationIsVisible = 0;
			defaultConfigurationName = Release;
		};
		570389011B31E67300BB9D40 /* Build configuration list for PBXNativeTarget "Incubee" */ = {
			isa = XCConfigurationList;
			buildConfigurations = (
				570389021B31E67300BB9D40 /* Debug */,
				570389031B31E67300BB9D40 /* Release */,
			);
			defaultConfigurationIsVisible = 0;
			defaultConfigurationName = Release;
		};
		570389041B31E67300BB9D40 /* Build configuration list for PBXNativeTarget "IncubeeTests" */ = {
			isa = XCConfigurationList;
			buildConfigurations = (
				570389051B31E67300BB9D40 /* Debug */,
				570389061B31E67300BB9D40 /* Release */,
			);
			defaultConfigurationIsVisible = 0;
			defaultConfigurationName = Release;
		};
/* End XCConfigurationList section */

/* Begin XCVersionGroup section */
		5780CB151B3E84A00090ADCE /* IncubeeModel.xcdatamodeld */ = {
			isa = XCVersionGroup;
			children = (
				5780CB161B3E84A00090ADCE /* IncubeeModel.xcdatamodel */,
			);
			currentVersion = 5780CB161B3E84A00090ADCE /* IncubeeModel.xcdatamodel */;
			name = IncubeeModel.xcdatamodeld;
			path = "Source/Data Module/CoreData Model/IncubeeModel.xcdatamodeld";
			sourceTree = "<group>";
			versionGroupType = wrapper.xcdatamodel;
		};
/* End XCVersionGroup section */
	};
	rootObject = 570388D31B31E67300BB9D40 /* Project object */;
}
